# @generated - this file is auto-generated by `mise lock` https://mise.jdx.dev/dev-tools/mise-lock.html

[[tools."aqua:golangci/golangci-lint"]]
version = "2.8.0"
backend = "aqua:golangci/golangci-lint"

[tools."aqua:golangci/golangci-lint"."platforms.linux-arm64"]
checksum = "sha256:2a58388db8af5ab9330791cea0ebdd4100723cd05ad7185d92febaaee272ec9a"
url = "https://github.com/golangci/golangci-lint/releases/download/v2.8.0/golangci-lint-2.8.0-linux-arm64.tar.gz"
url_api = "https://api.github.com/repos/golangci/golangci-lint/releases/assets/337581643"
provenance = "github-attestations"

[tools."aqua:golangci/golangci-lint"."platforms.linux-arm64-musl"]
checksum = "sha256:2a58388db8af5ab9330791cea0ebdd4100723cd05ad7185d92febaaee272ec9a"
url = "https://github.com/golangci/golangci-lint/releases/download/v2.8.0/golangci-lint-2.8.0-linux-arm64.tar.gz"
url_api = "https://api.github.com/repos/golangci/golangci-lint/releases/assets/337581643"
provenance = "github-attestations"

[tools."aqua:golangci/golangci-lint"."platforms.linux-x64"]
checksum = "sha256:7048bc6b25c9515ed092c83f9fa8709ca97937ead52d9ff317a143299ee97a50"
url = "https://github.com/golangci/golangci-lint/releases/download/v2.8.0/golangci-lint-2.8.0-linux-amd64.tar.gz"
url_api = "https://api.github.com/repos/golangci/golangci-lint/releases/assets/337581646"
provenance = "github-attestations"

[tools."aqua:golangci/golangci-lint"."platforms.linux-x64-musl"]
checksum = "sha256:7048bc6b25c9515ed092c83f9fa8709ca97937ead52d9ff317a143299ee97a50"
url = "https://github.com/golangci/golangci-lint/releases/download/v2.8.0/golangci-lint-2.8.0-linux-amd64.tar.gz"
url_api = "https://api.github.com/repos/golangci/golangci-lint/releases/assets/337581646"
provenance = "github-attestations"

[tools."aqua:golangci/golangci-lint"."platforms.macos-arm64"]
checksum = "sha256:6f8979a83117e0607d4b85ff486382ef0404440bbf54f0e6f003ceab6ccf641e"
url = "https://github.com/golangci/golangci-lint/releases/download/v2.8.0/golangci-lint-2.8.0-darwin-arm64.tar.gz"
url_api = "https://api.github.com/repos/golangci/golangci-lint/releases/assets/337581678"
provenance = "github-attestations"

[tools."aqua:golangci/golangci-lint"."platforms.macos-x64"]
checksum = "sha256:164c72806d0e31ab19da4f08fff748a3fdc57e241851279b666c945ed9b91830"
url = "https://github.com/golangci/golangci-lint/releases/download/v2.8.0/golangci-lint-2.8.0-darwin-amd64.tar.gz"
url_api = "https://api.github.com/repos/golangci/golangci-lint/releases/assets/337581645"
provenance = "github-attestations"

[tools."aqua:golangci/golangci-lint"."platforms.windows-x64"]
checksum = "sha256:22428168a9406f79853bf9a198b66e88ded9faa57cf85e5d225361f457f33513"
url = "https://github.com/golangci/golangci-lint/releases/download/v2.8.0/golangci-lint-2.8.0-windows-amd64.zip"
url_api = "https://api.github.com/repos/golangci/golangci-lint/releases/assets/337581688"
provenance = "github-attestations"

[[tools."aqua:goreleaser/goreleaser"]]
version = "2.17.1"
backend = "aqua:goreleaser/goreleaser"

[tools."aqua:goreleaser/goreleaser"."platforms.linux-arm64"]
checksum = "sha256:702f03769ac8bcb0e47839c82243cc614ae995633599a98c63062e13ea85f829"
url = "https://github.com/goreleaser/goreleaser/releases/download/v2.17.1/goreleaser_Linux_arm64.tar.gz"
url_api = "https://api.github.com/repos/goreleaser/goreleaser/releases/assets/490565875"
provenance = "github-attestations"

[tools."aqua:goreleaser/goreleaser"."platforms.linux-arm64-musl"]
checksum = "sha256:702f03769ac8bcb0e47839c82243cc614ae995633599a98c63062e13ea85f829"
url = "https://github.com/goreleaser/goreleaser/releases/download/v2.17.1/goreleaser_Linux_arm64.tar.gz"
url_api = "https://api.github.com/repos/goreleaser/goreleaser/releases/assets/490565875"
provenance = "github-attestations"

[tools."aqua:goreleaser/goreleaser"."platforms.linux-x64"]
checksum = "sha256:a99bbc7ae0d8d897b07c4c497a9b62f222558804715ef219d1af05a7e417bc80"
url = "https://github.com/goreleaser/goreleaser/releases/download/v2.17.1/goreleaser_Linux_x86_64.tar.gz"
url_api = "https://api.github.com/repos/goreleaser/goreleaser/releases/assets/490565870"
provenance = "github-attestations"

[tools."aqua:goreleaser/goreleaser"."platforms.linux-x64-musl"]
checksum = "sha256:a99bbc7ae0d8d897b07c4c497a9b62f222558804715ef219d1af05a7e417bc80"
url = "https://github.com/goreleaser/goreleaser/releases/download/v2.17.1/goreleaser_Linux_x86_64.tar.gz"
url_api = "https://api.github.com/repos/goreleaser/goreleaser/releases/assets/490565870"
provenance = "github-attestations"

[tools."aqua:goreleaser/goreleaser"."platforms.macos-arm64"]
checksum = "sha256:f49d4fe67d283b5b5130c380c983087dca0a4d4ec15b6637b18fe1ab096780d8"
url = "https://github.com/goreleaser/goreleaser/releases/download/v2.17.1/goreleaser_Darwin_all.tar.gz"
url_api = "https://api.github.com/repos/goreleaser/goreleaser/releases/assets/490565848"
provenance = "github-attestations"

[tools."aqua:goreleaser/goreleaser"."platforms.macos-x64"]
checksum = "sha256:f49d4fe67d283b5b5130c380c983087dca0a4d4ec15b6637b18fe1ab096780d8"
url = "https://github.com/goreleaser/goreleaser/releases/download/v2.17.1/goreleaser_Darwin_all.tar.gz"
url_api = "https://api.github.com/repos/goreleaser/goreleaser/releases/assets/490565848"
provenance = "github-attestations"

[tools."aqua:goreleaser/goreleaser"."platforms.windows-x64"]
checksum = "sha256:53314ce7cc16c3229f2d3b98a932c1618c427964eb2170a1efafbdfa862a556f"
url = "https://github.com/goreleaser/goreleaser/releases/download/v2.17.1/goreleaser_Windows_x86_64.zip"
url_api = "https://api.github.com/repos/goreleaser/goreleaser/releases/assets/490565847"
provenance = "github-attestations"

[[tools."aqua:rhysd/actionlint"]]
version = "1.7.12"
backend = "aqua:rhysd/actionlint"

[tools."aqua:rhysd/actionlint"."platforms.linux-arm64"]
checksum = "sha256:325e971b6ba9bfa504672e29be93c24981eeb1c07576d730e9f7c8805afff0c6"
url = "https://github.com/rhysd/actionlint/releases/download/v1.7.12/actionlint_1.7.12_linux_arm64.tar.gz"
url_api = "https://api.github.com/repos/rhysd/actionlint/releases/assets/384924897"
provenance = "github-attestations"

[tools."aqua:rhysd/actionlint"."platforms.linux-arm64-musl"]
checksum = "sha256:325e971b6ba9bfa504672e29be93c24981eeb1c07576d730e9f7c8805afff0c6"
url = "https://github.com/rhysd/actionlint/releases/download/v1.7.12/actionlint_1.7.12_linux_arm64.tar.gz"
url_api = "https://api.github.com/repos/rhysd/actionlint/releases/assets/384924897"
provenance = "github-attestations"

[tools."aqua:rhysd/actionlint"."platforms.linux-x64"]
checksum = "sha256:8aca8db96f1b94770f1b0d72b6dddcb1ebb8123cb3712530b08cc387b349a3d8"
url = "https://github.com/rhysd/actionlint/releases/download/v1.7.12/actionlint_1.7.12_linux_amd64.tar.gz"
url_api = "https://api.github.com/repos/rhysd/actionlint/releases/assets/384924896"
provenance = "github-attestations"

[tools."aqua:rhysd/actionlint"."platforms.linux-x64-musl"]
checksum = "sha256:8aca8db96f1b94770f1b0d72b6dddcb1ebb8123cb3712530b08cc387b349a3d8"
url = "https://github.com/rhysd/actionlint/releases/download/v1.7.12/actionlint_1.7.12_linux_amd64.tar.gz"
url_api = "https://api.github.com/repos/rhysd/actionlint/releases/assets/384924896"
provenance = "github-attestations"

[tools."aqua:rhysd/actionlint"."platforms.macos-arm64"]
checksum = "sha256:aba9ced2dee8d27fecca3dc7feb1a7f9a52caefa1eb46f3271ea66b6e0e6953f"
url = "https://github.com/rhysd/actionlint/releases/download/v1.7.12/actionlint_1.7.12_darwin_arm64.tar.gz"
url_api = "https://api.github.com/repos/rhysd/actionlint/releases/assets/384924893"
provenance = "github-attestations"

[tools."aqua:rhysd/actionlint"."platforms.macos-x64"]
checksum = "sha256:5b44c3bc2255115c9b69e30efc0fecdf498fdb63c5d58e17084fd5f16324c644"
url = "https://github.com/rhysd/actionlint/releases/download/v1.7.12/actionlint_1.7.12_darwin_amd64.tar.gz"
url_api = "https://api.github.com/repos/rhysd/actionlint/releases/assets/384924880"
provenance = "github-attestations"

[tools."aqua:rhysd/actionlint"."platforms.windows-x64"]
checksum = "sha256:6e7241b51e6817ea6a047693d8e6fed13b31819c9a0dd6c5a726e1592d22f6e9"
url = "https://github.com/rhysd/actionlint/releases/download/v1.7.12/actionlint_1.7.12_windows_amd64.zip"
url_api = "https://api.github.com/repos/rhysd/actionlint/releases/assets/384924919"
provenance = "github-attestations"

[[tools.go]]
version = "1.25.7"
backend = "core:go"

[tools.go."platforms.linux-arm64"]
checksum = "sha256:ba611a53534135a81067240eff9508cd7e256c560edd5d8c2fef54f083c07129"
url = "https://dl.google.com/go/go1.25.7.linux-arm64.tar.gz"

[tools.go."platforms.linux-arm64-musl"]
checksum = "sha256:ba611a53534135a81067240eff9508cd7e256c560edd5d8c2fef54f083c07129"
url = "https://dl.google.com/go/go1.25.7.linux-arm64.tar.gz"

[tools.go."platforms.linux-x64"]
checksum = "sha256:12e6d6a191091ae27dc31f6efc630e3a3b8ba409baf3573d955b196fdf086005"
url = "https://dl.google.com/go/go1.25.7.linux-amd64.tar.gz"

[tools.go."platforms.linux-x64-musl"]
checksum = "sha256:12e6d6a191091ae27dc31f6efc630e3a3b8ba409baf3573d955b196fdf086005"
url = "https://dl.google.com/go/go1.25.7.linux-amd64.tar.gz"

[tools.go."platforms.macos-arm64"]
checksum = "sha256:ff18369ffad05c57d5bed888b660b31385f3c913670a83ef557cdfd98ea9ae1b"
url = "https://dl.google.com/go/go1.25.7.darwin-arm64.tar.gz"

[tools.go."platforms.macos-x64"]
checksum = "sha256:bf5050a2152f4053837b886e8d9640c829dbacbc3370f913351eb0904cb706f5"
url = "https://dl.google.com/go/go1.25.7.darwin-amd64.tar.gz"

[tools.go."platforms.windows-x64"]
checksum = "sha256:c75e5f4ff62d085cc0017be3ad19d5536f46825fa05db06ec468941f847e3228"
url = "https://dl.google.com/go/go1.25.7.windows-amd64.zip"

[[tools.svu]]
version = "3.4.1"
backend = "aqua:caarlos0/svu"

[tools.svu."platforms.linux-arm64"]
checksum = "sha256:801f310be2f91df86868a2de1f61fefaf06e3eb773431be7dde9765ecde4d21c"
url = "https://github.com/caarlos0/svu/releases/download/v3.4.1/svu_3.4.1_linux_arm64.tar.gz"
url_api = "https://api.github.com/repos/caarlos0/svu/releases/assets/410001856"
provenance = "cosign"

[tools.svu."platforms.linux-arm64-musl"]
checksum = "sha256:801f310be2f91df86868a2de1f61fefaf06e3eb773431be7dde9765ecde4d21c"
url = "https://github.com/caarlos0/svu/releases/download/v3.4.1/svu_3.4.1_linux_arm64.tar.gz"
url_api = "https://api.github.com/repos/caarlos0/svu/releases/assets/410001856"
provenance = "cosign"

[tools.svu."platforms.linux-x64"]
checksum = "sha256:7ee8c91998c15109130638dc661a912d5f426e2f8642f6f6c04e6502be920770"
url = "https://github.com/caarlos0/svu/releases/download/v3.4.1/svu_3.4.1_linux_amd64.tar.gz"
url_api = "https://api.github.com/repos/caarlos0/svu/releases/assets/410001859"
provenance = "cosign"

[tools.svu."platforms.linux-x64-musl"]
checksum = "sha256:7ee8c91998c15109130638dc661a912d5f426e2f8642f6f6c04e6502be920770"
url = "https://github.com/caarlos0/svu/releases/download/v3.4.1/svu_3.4.1_linux_amd64.tar.gz"
url_api = "https://api.github.com/repos/caarlos0/svu/releases/assets/410001859"
provenance = "cosign"

[tools.svu."platforms.macos-arm64"]
checksum = "sha256:aeec0a735f12d6313c5b4f295ac2f86e00b56571d241abe5aa0306b41f43efd7"
url = "https://github.com/caarlos0/svu/releases/download/v3.4.1/svu_3.4.1_darwin_all.tar.gz"
url_api = "https://api.github.com/repos/caarlos0/svu/releases/assets/410001878"
provenance = "cosign"

[tools.svu."platforms.macos-x64"]
checksum = "sha256:aeec0a735f12d6313c5b4f295ac2f86e00b56571d241abe5aa0306b41f43efd7"
url = "https://github.com/caarlos0/svu/releases/download/v3.4.1/svu_3.4.1_darwin_all.tar.gz"
url_api = "https://api.github.com/repos/caarlos0/svu/releases/assets/410001878"
provenance = "cosign"

[tools.svu."platforms.windows-x64"]
checksum = "sha256:7f8d17beb8fbe4a5c6e232072e93a71c8338173dafd95eda898bd1838d12b14e"
url = "https://github.com/caarlos0/svu/releases/download/v3.4.1/svu_3.4.1_windows_amd64.zip"
url_api = "https://api.github.com/repos/caarlos0/svu/releases/assets/410001860"
provenance = "cosign"
